
Microsoft Visual Studio Solution File, Format Version 12.00
# Visual Studio Version 17
VisualStudioVersion = 17.2.32516.85
MinimumVisualStudioVersion = 10.0.40219.1
Project("{FAE04EC0-301F-11D3-BF4B-00C04F79EFBC}") = "Tutorial", "Tutorial\Tutorial.csproj", "{DD1ABB75-AC1C-4E15-A4FE-4321EB4F7F95}"
EndProject
Global
	GlobalSection(SolutionConfigurationPlatforms) = preSolution
		Debug|Any CPU = Debug|Any CPU
		Release|Any CPU = Release|Any CPU
	EndGlobalSection
	GlobalSection(ProjectConfigurationPlatforms) = postSolution
		{DD1ABB75-AC1C-4E15-A4FE-4321EB4F7F95}.Debug|Any CPU.ActiveCfg = Debug|Any CPU
		{DD1ABB75-AC1C-4E15-A4FE-4321EB4F7F95}.Debug|Any CPU.Build.0 = Debug|Any CPU
		{DD1ABB75-AC1C-4E15-A4FE-4321EB4F7F95}.Release|Any CPU.ActiveCfg = Release|Any CPU
		{DD1ABB75-AC1C-4E15-A4FE-4321EB4F7F95}.Release|Any CPU.Build.0 = Release|Any CPU
	EndGlobalSection
	GlobalSection(SolutionProperties) = preSolution
		HideSolutionNode = FALSE
	EndGlobalSection
	GlobalSection(ExtensibilityGlobals) = postSolution
		SolutionGuid = {89ED383F-86C5-4282-8BEA-B410A9C492E6}
	EndGlobalSection
EndGlobal
